
Microsoft Visual Studio Solution File, Format Version 12.00
# Visual Studio 2013
VisualStudioVersion = 12.0.31101.0
MinimumVisualStudioVersion = 10.0.40219.1
Project("{FAE04EC0-301F-11D3-BF4B-00C04F79EFBC}") = "TestGame3", "TestGame3\TestGame3\TestGame3.csproj", "{C710870C-2ED9-4326-9612-E733E1CC2292}"
EndProject
Project("{96E2B04D-8817-42C6-938A-82C39BA4D311}") = "TestGame3Content", "TestGame3\TestGame3Content\TestGame3Content.contentproj", "{5B88DAF0-E7BA-4F4D-8F96-0FDA8F7AEAA4}"
EndProject
Global
	GlobalSection(SolutionConfigurationPlatforms) = preSolution
		Debug|x86 = Debug|x86
		Release|x86 = Release|x86
	EndGlobalSection
	GlobalSection(ProjectConfigurationPlatforms) = postSolution
		{C710870C-2ED9-4326-9612-E733E1CC2292}.Debug|x86.ActiveCfg = Debug|x86
		{C710870C-2ED9-4326-9612-E733E1CC2292}.Debug|x86.Build.0 = Debug|x86
		{C710870C-2ED9-4326-9612-E733E1CC2292}.Release|x86.ActiveCfg = Release|x86
		{C710870C-2ED9-4326-9612-E733E1CC2292}.Release|x86.Build.0 = Release|x86
		{5B88DAF0-E7BA-4F4D-8F96-0FDA8F7AEAA4}.Debug|x86.ActiveCfg = Debug|x86
		{5B88DAF0-E7BA-4F4D-8F96-0FDA8F7AEAA4}.Release|x86.ActiveCfg = Release|x86
	EndGlobalSection
	GlobalSection(SolutionProperties) = preSolution
		HideSolutionNode = FALSE
	EndGlobalSection
EndGlobal
